// !$*UTF8*$!
{
	archiveVersion = 1;
	classes = {
	};
	objectVersion = 50;
	objects = {

/* Begin PBXBuildFile section */
		E4419AE62560181C00CF244F /* CustomCell.swift in Sources */ = {isa = PBXBuildFile; fileRef = E4419AE52560181C00CF244F /* CustomCell.swift */; };
		E44FEF91255AC2E500873B43 /* AppDelegate.swift in Sources */ = {isa = PBXBuildFile; fileRef = E44FEF90255AC2E500873B43 /* AppDelegate.swift */; };
		E44FEF93255AC2E500873B43 /* SceneDelegate.swift in Sources */ = {isa = PBXBuildFile; fileRef = E44FEF92255AC2E500873B43 /* SceneDelegate.swift */; };
		E44FEF95255AC2E500873B43 /* ViewController.swift in Sources */ = {isa = PBXBuildFile; fileRef = E44FEF94255AC2E500873B43 /* ViewController.swift */; };
		E44FEF98255AC2E500873B43 /* Main.storyboard in Resources */ = {isa = PBXBuildFile; fileRef = E44FEF96255AC2E500873B43 /* Main.storyboard */; };
		E44FEF9A255AC2E700873B43 /* Assets.xcassets in Resources */ = {isa = PBXBuildFile; fileRef = E44FEF99255AC2E700873B43 /* Assets.xcassets */; };
		E44FEF9D255AC2E700873B43 /* LaunchScreen.storyboard in Resources */ = {isa = PBXBuildFile; fileRef = E44FEF9B255AC2E700873B43 /* LaunchScreen.storyboard */; };
		E44FEFA6255AC3DD00873B43 /* TableViewController.swift in Sources */ = {isa = PBXBuildFile; fileRef = E44FEFA5255AC3DD00873B43 /* TableViewController.swift */; };
/* End PBXBuildFile section */

/* Begin PBXFileReference section */
		E4419AE52560181C00CF244F /* CustomCell.swift */ = {isa = PBXFileReference; lastKnownFileType = sourcecode.swift; path = CustomCell.swift; sourceTree = "<group>"; };
		E44FEF8D255AC2E500873B43 /* Assignment10.app */ = {isa = PBXFileReference; explicitFileType = wrapper.application; includeInIndex = 0; path = Assignment10.app; sourceTree = BUILT_PRODUCTS_DIR; };
		E44FEF90255AC2E500873B43 /* AppDelegate.swift */ = {isa = PBXFileReference; lastKnownFileType = sourcecode.swift; path = AppDelegate.swift; sourceTree = "<group>"; };
		E44FEF92255AC2E500873B43 /* SceneDelegate.swift */ = {isa = PBXFileReference; lastKnownFileType = sourcecode.swift; path = SceneDelegate.swift; sourceTree = "<group>"; };
		E44FEF94255AC2E500873B43 /* ViewController.swift */ = {isa = PBXFileReference; lastKnownFileType = sourcecode.swift; path = ViewController.swift; sourceTree = "<group>"; };
		E44FEF97255AC2E500873B43 /* Base */ = {isa = PBXFileReference; lastKnownFileType = file.storyboard; name = Base; path = Base.lproj/Main.storyboard; sourceTree = "<group>"; };
		E44FEF99255AC2E700873B43 /* Assets.xcassets */ = {isa = PBXFileReference; lastKnownFileType = folder.assetcatalog; path = Assets.xcassets; sourceTree = "<group>"; };
		E44FEF9C255AC2E700873B43 /* Base */ = {isa = PBXFileReference; lastKnownFileType = file.storyboard; name = Base; path = Base.lproj/LaunchScreen.storyboard; sourceTree = "<group>"; };
		E44FEF9E255AC2E700873B43 /* Info.plist */ = {isa = PBXFileReference; lastKnownFileType = text.plist.xml; path = Info.plist; sourceTree = "<group>"; };
		E44FEFA5255AC3DD00873B43 /* TableViewController.swift */ = {isa = PBXFileReference; lastKnownFileType = sourcecode.swift; path = TableViewController.swift; sourceTree = "<group>"; };
/* End PBXFileReference section */

/* Begin PBXFrameworksBuildPhase section */
		E44FEF8A255AC2E500873B43 /* Frameworks */ = {
			isa = PBXFrameworksBuildPhase;
			buildActionMask = 2147483647;
			files = (
			);
			runOnlyForDeploymentPostprocessing = 0;
		};
/* End PBXFrameworksBuildPhase section */

/* Begin PBXGroup section */
		E44FEF84255AC2E500873B43 = {
			isa = PBXGroup;
			children = (
				E44FEF8F255AC2E500873B43 /* Assignment10 */,
				E44FEF8E255AC2E500873B43 /* Products */,
			);
			sourceTree = "<group>";
		};
		E44FEF8E255AC2E500873B43 /* Products */ = {
			isa = PBXGroup;
			children = (
				E44FEF8D255AC2E500873B43 /* Assignment10.app */,
			);
			name = Products;
			sourceTree = "<group>";
		};
		E44FEF8F255AC2E500873B43 /* Assignment10 */ = {
			isa = PBXGroup;
			children = (
				E44FEF90255AC2E500873B43 /* AppDelegate.swift */,
				E44FEF92255AC2E500873B43 /* SceneDelegate.swift */,
				E44FEF94255AC2E500873B43 /* ViewController.swift */,
				E44FEFA5255AC3DD00873B43 /* TableViewController.swift */,
				E4419AE52560181C00CF244F /* CustomCell.swift */,
				E44FEF96255AC2E500873B43 /* Main.storyboard */,
				E44FEF99255AC2E700873B43 /* Assets.xcassets */,
				E44FEF9B255AC2E700873B43 /* LaunchScreen.storyboard */,
				E44FEF9E255AC2E700873B43 /* Info.plist */,
			);
			path = Assignment10;
			sourceTree = "<group>";
		};
/* End PBXGroup section */

/* Begin PBXNativeTarget section */
		E44FEF8C255AC2E500873B43 /* Assignment10 */ = {
			isa = PBXNativeTarget;
			buildConfigurationList = E44FEFA1255AC2E700873B43 /* Build configuration list for PBXNativeTarget "Assignment10" */;
			buildPhases = (
				E44FEF89255AC2E500873B43 /* Sources */,
				E44FEF8A255AC2E500873B43 /* Frameworks */,
				E44FEF8B255AC2E500873B43 /* Resources */,
			);
			buildRules = (
			);
			dependencies = (
			);
			name = Assignment10;
			productName = Assignment10;
			productReference = E44FEF8D255AC2E500873B43 /* Assignment10.app */;
			productType = "com.apple.product-type.application";
		};
/* End PBXNativeTarget section */

/* Begin PBXProject section */
		E44FEF85255AC2E500873B43 /* Project object */ = {
			isa = PBXProject;
			attributes = {
				LastSwiftUpdateCheck = 1210;
				LastUpgradeCheck = 1210;
				TargetAttributes = {
					E44FEF8C255AC2E500873B43 = {
						CreatedOnToolsVersion = 12.1;
					};
				};
			};
			buildConfigurationList = E44FEF88255AC2E500873B43 /* Build configuration list for PBXProject "Assignment10" */;
			compatibilityVersion = "Xcode 9.3";
			developmentRegion = en;
			hasScannedForEncodings = 0;
			knownRegions = (
				en,
				Base,
			);
			mainGroup = E44FEF84255AC2E500873B43;
			productRefGroup = E44FEF8E255AC2E500873B43 /* Products */;
			projectDirPath = "";
			projectRoot = "";
			targets = (
				E44FEF8C255AC2E500873B43 /* Assignment10 */,
			);
		};
/* End PBXProject section */

/* Begin PBXResourcesBuildPhase section */
		E44FEF8B255AC2E500873B43 /* Resources */ = {
			isa = PBXResourcesBuildPhase;
			buildActionMask = 2147483647;
			files = (
				E44FEF9D255AC2E700873B43 /* LaunchScreen.storyboard in Resources */,
				E44FEF9A255AC2E700873B43 /* Assets.xcassets in Resources */,
				E44FEF98255AC2E500873B43 /* Main.storyboard in Resources */,
			);
			runOnlyForDeploymentPostprocessing = 0;
		};
/* End PBXResourcesBuildPhase section */

/* Begin PBXSourcesBuildPhase section */
		E44FEF89255AC2E500873B43 /* Sources */ = {
			isa = PBXSourcesBuildPhase;
			buildActionMask = 2147483647;
			files = (
				E4419AE62560181C00CF244F /* CustomCell.swift in Sources */,
				E44FEF95255AC2E500873B43 /* ViewController.swift in Sources */,
				E44FEF91255AC2E500873B43 /* AppDelegate.swift in Sources */,
				E44FEF93255AC2E500873B43 /* SceneDelegate.swift in Sources */,
				E44FEFA6255AC3DD00873B43 /* TableViewController.swift in Sources */,
			);
			runOnlyForDeploymentPostprocessing = 0;
		};
/* End PBXSourcesBuildPhase section */

/* Begin PBXVariantGroup section */
		E44FEF96255AC2E500873B43 /* Main.storyboard */ = {
			isa = PBXVariantGroup;
			children = (
				E44FEF97255AC2E500873B43 /* Base */,
			);
			name = Main.storyboard;
			sourceTree = "<group>";
		};
		E44FEF9B255AC2E700873B43 /* LaunchScreen.storyboard */ = {
			isa = PBXVariantGroup;
			children = (
				E44FEF9C255AC2E700873B43 /* Base */,
			);
			name = LaunchScreen.storyboard;
			sourceTree = "<group>";
		};
/* End PBXVariantGroup section */

/* Begin XCBuildConfiguration section */
		E44FEF9F255AC2E700873B43 /* Debug */ = {
			isa = XCBuildConfiguration;
			buildSettings = {
				ALWAYS_SEARCH_USER_PATHS = NO;
				CLANG_ANALYZER_NONNULL = YES;
				CLANG_ANALYZER_NUMBER_OBJECT_CONVERSION = YES_AGGRESSIVE;
				CLANG_CXX_LANGUAGE_STANDARD = "gnu++14";
				CLANG_CXX_LIBRARY = "libc++";
				CLANG_ENABLE_MODULES = YES;
				CLANG_ENABLE_OBJC_ARC = YES;
				CLANG_ENABLE_OBJC_WEAK = YES;
				CLANG_WARN_BLOCK_CAPTURE_AUTORELEASING = YES;
				CLANG_WARN_BOOL_CONVERSION = YES;
				CLANG_WARN_COMMA = YES;
				CLANG_WARN_CONSTANT_CONVERSION = YES;
				CLANG_WARN_DEPRECATED_OBJC_IMPLEMENTATIONS = YES;
				CLANG_WARN_DIRECT_OBJC_ISA_USAGE = YES_ERROR;
				CLANG_WARN_DOCUMENTATION_COMMENTS = YES;
				CLANG_WARN_EMPTY_BODY = YES;
				CLANG_WARN_ENUM_CONVERSION = YES;
				CLANG_WARN_INFINITE_RECURSION = YES;
				CLANG_WARN_INT_CONVERSION = YES;
				CLANG_WARN_NON_LITERAL_NULL_CONVERSION = YES;
				CLANG_WARN_OBJC_IMPLICIT_RETAIN_SELF = YES;
				CLANG_WARN_OBJC_LITERAL_CONVERSION = YES;
				CLANG_WARN_OBJC_ROOT_CLASS = YES_ERROR;
				CLANG_WARN_QUOTED_INCLUDE_IN_FRAMEWORK_HEADER = YES;
				CLANG_WARN_RANGE_LOOP_ANALYSIS = YES;
				CLANG_WARN_STRICT_PROTOTYPES = YES;
				CLANG_WARN_SUSPICIOUS_MOVE = YES;
				CLANG_WARN_UNGUARDED_AVAILABILITY = YES_AGGRESSIVE;
				CLANG_WARN_UNREACHABLE_CODE = YES;
				CLANG_WARN__DUPLICATE_METHOD_MATCH = YES;
				COPY_PHASE_STRIP = NO;
				DEBUG_INFORMATION_FORMAT = dwarf;
				ENABLE_STRICT_OBJC_MSGSEND = YES;
				ENABLE_TESTABILITY = YES;
				GCC_C_LANGUAGE_STANDARD = gnu11;
				GCC_DYNAMIC_NO_PIC = NO;
				GCC_NO_COMMON_BLOCKS = YES;
				GCC_OPTIMIZATION_LEVEL = 0;
				GCC_PREPROCESSOR_DEFINITIONS = (
					"DEBUG=1",
					"$(inherited)",
				);
				GCC_WARN_64_TO_32_BIT_CONVERSION = YES;
				GCC_WARN_ABOUT_RETURN_TYPE = YES_ERROR;
				GCC_WARN_UNDECLARED_SELECTOR = YES;
				GCC_WARN_UNINITIALIZED_AUTOS = YES_AGGRESSIVE;
				GCC_WARN_UNUSED_FUNCTION = YES;
				GCC_WARN_UNUSED_VARIABLE = YES;
				IPHONEOS_DEPLOYMENT_TARGET = 14.1;
				MTL_ENABLE_DEBUG_INFO = INCLUDE_SOURCE;
				MTL_FAST_MATH = YES;
				ONLY_ACTIVE_ARCH = YES;
				SDKROOT = iphoneos;
				SWIFT_ACTIVE_COMPILATION_CONDITIONS = DEBUG;
				SWIFT_OPTIMIZATION_LEVEL = "-Onone";
			};
			name = Debug;
		};
		E44FEFA0255AC2E700873B43 /* Release */ = {
			isa = XCBuildConfiguration;
			buildSettings = {
				ALWAYS_SEARCH_USER_PATHS = NO;
				CLANG_ANALYZER_NONNULL = YES;
				CLANG_ANALYZER_NUMBER_OBJECT_CONVERSION = YES_AGGRESSIVE;
				CLANG_CXX_LANGUAGE_STANDARD = "gnu++14";
				CLANG_CXX_LIBRARY = "libc++";
				CLANG_ENABLE_MODULES = YES;
				CLANG_ENABLE_OBJC_ARC = YES;
				CLANG_ENABLE_OBJC_WEAK = YES;
				CLANG_WARN_BLOCK_CAPTURE_AUTORELEASING = YES;
				CLANG_WARN_BOOL_CONVERSION = YES;
				CLANG_WARN_COMMA = YES;
				CLANG_WARN_CONSTANT_CONVERSION = YES;
				CLANG_WARN_DEPRECATED_OBJC_IMPLEMENTATIONS = YES;
				CLANG_WARN_DIRECT_OBJC_ISA_USAGE = YES_ERROR;
				CLANG_WARN_DOCUMENTATION_COMMENTS = YES;
				CLANG_WARN_EMPTY_BODY = YES;
				CLANG_WARN_ENUM_CONVERSION = YES;
				CLANG_WARN_INFINITE_RECURSION = YES;
				CLANG_WARN_INT_CONVERSION = YES;
				CLANG_WARN_NON_LITERAL_NULL_CONVERSION = YES;
				CLANG_WARN_OBJC_IMPLICIT_RETAIN_SELF = YES;
				CLANG_WARN_OBJC_LITERAL_CONVERSION = YES;
				CLANG_WARN_OBJC_ROOT_CLASS = YES_ERROR;
				CLANG_WARN_QUOTED_INCLUDE_IN_FRAMEWORK_HEADER = YES;
				CLANG_WARN_RANGE_LOOP_ANALYSIS = YES;
				CLANG_WARN_STRICT_PROTOTYPES = YES;
				CLANG_WARN_SUSPICIOUS_MOVE = YES;
				CLANG_WARN_UNGUARDED_AVAILABILITY = YES_AGGRESSIVE;
				CLANG_WARN_UNREACHABLE_CODE = YES;
				CLANG_WARN__DUPLICATE_METHOD_MATCH = YES;
				COPY_PHASE_STRIP = NO;
				DEBUG_INFORMATION_FORMAT = "dwarf-with-dsym";
				ENABLE_NS_ASSERTIONS = NO;
				ENABLE_STRICT_OBJC_MSGSEND = YES;
				GCC_C_LANGUAGE_STANDARD = gnu11;
				GCC_NO_COMMON_BLOCKS = YES;
				GCC_WARN_64_TO_32_BIT_CONVERSION = YES;
				GCC_WARN_ABOUT_RETURN_TYPE = YES_ERROR;
				GCC_WARN_UNDECLARED_SELECTOR = YES;
				GCC_WARN_UNINITIALIZED_AUTOS = YES_AGGRESSIVE;
				GCC_WARN_UNUSED_FUNCTION = YES;
				GCC_WARN_UNUSED_VARIABLE = YES;
				IPHONEOS_DEPLOYMENT_TARGET = 14.1;
				MTL_ENABLE_DEBUG_INFO = NO;
				MTL_FAST_MATH = YES;
				SDKROOT = iphoneos;
				SWIFT_COMPILATION_MODE = wholemodule;
				SWIFT_OPTIMIZATION_LEVEL = "-O";
				VALIDATE_PRODUCT = YES;
			};
			name = Release;
		};
		E44FEFA2255AC2E700873B43 /* Debug */ = {
			isa = XCBuildConfiguration;
			buildSettings = {
				ASSETCATALOG_COMPILER_APPICON_NAME = AppIcon;
				ASSETCATALOG_COMPILER_GLOBAL_ACCENT_COLOR_NAME = AccentColor;
				CODE_SIGN_STYLE = Automatic;
				DEVELOPMENT_TEAM = C778ZRMQQZ;
				INFOPLIST_FILE = Assignment10/Info.plist;
				LD_RUNPATH_SEARCH_PATHS = (
					"$(inherited)",
					"@executable_path/Frameworks",
				);
				PRODUCT_BUNDLE_IDENTIFIER = "Shotaro-Maruyama.Assignment10";
				PRODUCT_NAME = "$(TARGET_NAME)";
				SWIFT_VERSION = 5.0;
				TARGETED_DEVICE_FAMILY = "1,2";
			};
			name = Debug;
		};
		E44FEFA3255AC2E700873B43 /* Release */ = {
			isa = XCBuildConfiguration;
			buildSettings = {
				ASSETCATALOG_COMPILER_APPICON_NAME = AppIcon;
				ASSETCATALOG_COMPILER_GLOBAL_ACCENT_COLOR_NAME = AccentColor;
				CODE_SIGN_STYLE = Automatic;
				DEVELOPMENT_TEAM = C778ZRMQQZ;
				INFOPLIST_FILE = Assignment10/Info.plist;
				LD_RUNPATH_SEARCH_PATHS = (
					"$(inherited)",
					"@executable_path/Frameworks",
				);
				PRODUCT_BUNDLE_IDENTIFIER = "Shotaro-Maruyama.Assignment10";
				PRODUCT_NAME = "$(TARGET_NAME)";
				SWIFT_VERSION = 5.0;
				TARGETED_DEVICE_FAMILY = "1,2";
			};
			name = Release;
		};
/* End XCBuildConfiguration section */

/* Begin XCConfigurationList section */
		E44FEF88255AC2E500873B43 /* Build configuration list for PBXProject "Assignment10" */ = {
			isa = XCConfigurationList;
			buildConfigurations = (
				E44FEF9F255AC2E700873B43 /* Debug */,
				E44FEFA0255AC2E700873B43 /* Release */,
			);
			defaultConfigurationIsVisible = 0;
			defaultConfigurationName = Release;
		};
		E44FEFA1255AC2E700873B43 /* Build configuration list for PBXNativeTarget "Assignment10" */ = {
			isa = XCConfigurationList;
			buildConfigurations = (
				E44FEFA2255AC2E700873B43 /* Debug */,
				E44FEFA3255AC2E700873B43 /* Release */,
			);
			defaultConfigurationIsVisible = 0;
			defaultConfigurationName = Release;
		};
/* End XCConfigurationList section */
	};
	rootObject = E44FEF85255AC2E500873B43 /* Project object */;
}
